
Microsoft Visual Studio Solution File, Format Version 12.00
# Visual Studio 15
VisualStudioVersion = 15.0.28307.489
MinimumVisualStudioVersion = 10.0.40219.1
Project("{9A19103F-16F7-4668-BE54-9A1E7A4F7556}") = "01.Integer_Operations", "01.Integer_Operations\01.Integer_Operations.csproj", "{B1AB247B-302A-4711-8EA5-ADDF4E5A9E9A}"
EndProject
Project("{9A19103F-16F7-4668-BE54-9A1E7A4F7556}") = "02.Sum_Digits", "02.Sum_Digits\02.Sum_Digits.csproj", "{D5D6B91F-0652-4EAA-A611-217786BE1B2B}"
EndProject
Project("{9A19103F-16F7-4668-BE54-9A1E7A4F7556}") = "03. Elevators", "03. Elevators\03. Elevators.csproj", "{3DF67C1A-E411-4922-8E2F-3651E47C2020}"
EndProject
Project("{9A19103F-16F7-4668-BE54-9A1E7A4F7556}") = "04. Sum_of_Chars", "04. Sum_of_Chars\04. Sum_of_Chars.csproj", "{3FB5C6F4-5225-4690-827B-905A2AE3278D}"
EndProject
Project("{9A19103F-16F7-4668-BE54-9A1E7A4F7556}") = "05. Print_Part_Of_ASCII_Table", "05. Print_Part_Of_ASCII_Table\05. Print_Part_Of_ASCII_Table.csproj", "{22A4AA1D-FC31-42DE-A1A9-063AAA9B52D2}"
EndProject
Project("{9A19103F-16F7-4668-BE54-9A1E7A4F7556}") = "06.Triples_of_Latin_Letters", "06.Triples_of_Latin_Letters\06.Triples_of_Latin_Letters.csproj", "{C6337D5F-2C99-43F0-9D4F-E05A81F37116}"
EndProject
Project("{9A19103F-16F7-4668-BE54-9A1E7A4F7556}") = "07.Water_Overflow", "07.Water_Overflow\07.Water_Overflow.csproj", "{E537071B-B5E9-432E-8413-9BC0105348A6}"
EndProject
Project("{9A19103F-16F7-4668-BE54-9A1E7A4F7556}") = "08. Beer_Kegs", "08. Beer_Kegs\08. Beer_Kegs.csproj", "{AE76369D-9A01-4786-B190-FF68C551379C}"
EndProject
Project("{FAE04EC0-301F-11D3-BF4B-00C04F79EFBC}") = "09. Spice_Must_Flow", "09. Spice_Must_Flow\09. Spice_Must_Flow.csproj", "{009D933A-E083-41B9-93AB-348D7960DC95}"
EndProject
Project("{FAE04EC0-301F-11D3-BF4B-00C04F79EFBC}") = "10. Poke_Mon", "10. Poke_Mon\10. Poke_Mon.csproj", "{B2033BAF-6E15-47D9-9689-5C0FE9B015A9}"
EndProject
Project("{FAE04EC0-301F-11D3-BF4B-00C04F79EFBC}") = "11. Snowballs", "11. Snowballs\11. Snowballs.csproj", "{0EE393AE-F65F-4CFF-B7BE-F63896B6066F}"
EndProject
Global
	GlobalSection(SolutionConfigurationPlatforms) = preSolution
		Debug|Any CPU = Debug|Any CPU
		Release|Any CPU = Release|Any CPU
	EndGlobalSection
	GlobalSection(ProjectConfigurationPlatforms) = postSolution
		{B1AB247B-302A-4711-8EA5-ADDF4E5A9E9A}.Debug|Any CPU.ActiveCfg = Debug|Any CPU
		{B1AB247B-302A-4711-8EA5-ADDF4E5A9E9A}.Debug|Any CPU.Build.0 = Debug|Any CPU
		{B1AB247B-302A-4711-8EA5-ADDF4E5A9E9A}.Release|Any CPU.ActiveCfg = Release|Any CPU
		{B1AB247B-302A-4711-8EA5-ADDF4E5A9E9A}.Release|Any CPU.Build.0 = Release|Any CPU
		{D5D6B91F-0652-4EAA-A611-217786BE1B2B}.Debug|Any CPU.ActiveCfg = Debug|Any CPU
		{D5D6B91F-0652-4EAA-A611-217786BE1B2B}.Debug|Any CPU.Build.0 = Debug|Any CPU
		{D5D6B91F-0652-4EAA-A611-217786BE1B2B}.Release|Any CPU.ActiveCfg = Release|Any CPU
		{D5D6B91F-0652-4EAA-A611-217786BE1B2B}.Release|Any CPU.Build.0 = Release|Any CPU
		{3DF67C1A-E411-4922-8E2F-3651E47C2020}.Debug|Any CPU.ActiveCfg = Debug|Any CPU
		{3DF67C1A-E411-4922-8E2F-3651E47C2020}.Debug|Any CPU.Build.0 = Debug|Any CPU
		{3DF67C1A-E411-4922-8E2F-3651E47C2020}.Release|Any CPU.ActiveCfg = Release|Any CPU
		{3DF67C1A-E411-4922-8E2F-3651E47C2020}.Release|Any CPU.Build.0 = Release|Any CPU
		{3FB5C6F4-5225-4690-827B-905A2AE3278D}.Debug|Any CPU.ActiveCfg = Debug|Any CPU
		{3FB5C6F4-5225-4690-827B-905A2AE3278D}.Debug|Any CPU.Build.0 = Debug|Any CPU
		{3FB5C6F4-5225-4690-827B-905A2AE3278D}.Release|Any CPU.ActiveCfg = Release|Any CPU
		{3FB5C6F4-5225-4690-827B-905A2AE3278D}.Release|Any CPU.Build.0 = Release|Any CPU
		{22A4AA1D-FC31-42DE-A1A9-063AAA9B52D2}.Debug|Any CPU.ActiveCfg = Debug|Any CPU
		{22A4AA1D-FC31-42DE-A1A9-063AAA9B52D2}.Debug|Any CPU.Build.0 = Debug|Any CPU
		{22A4AA1D-FC31-42DE-A1A9-063AAA9B52D2}.Release|Any CPU.ActiveCfg = Release|Any CPU
		{22A4AA1D-FC31-42DE-A1A9-063AAA9B52D2}.Release|Any CPU.Build.0 = Release|Any CPU
		{C6337D5F-2C99-43F0-9D4F-E05A81F37116}.Debug|Any CPU.ActiveCfg = Debug|Any CPU
		{C6337D5F-2C99-43F0-9D4F-E05A81F37116}.Debug|Any CPU.Build.0 = Debug|Any CPU
		{C6337D5F-2C99-43F0-9D4F-E05A81F37116}.Release|Any CPU.ActiveCfg = Release|Any CPU
		{C6337D5F-2C99-43F0-9D4F-E05A81F37116}.Release|Any CPU.Build.0 = Release|Any CPU
		{E537071B-B5E9-432E-8413-9BC0105348A6}.Debug|Any CPU.ActiveCfg = Debug|Any CPU
		{E537071B-B5E9-432E-8413-9BC0105348A6}.Debug|Any CPU.Build.0 = Debug|Any CPU
		{E537071B-B5E9-432E-8413-9BC0105348A6}.Release|Any CPU.ActiveCfg = Release|Any CPU
		{E537071B-B5E9-432E-8413-9BC0105348A6}.Release|Any CPU.Build.0 = Release|Any CPU
		{AE76369D-9A01-4786-B190-FF68C551379C}.Debug|Any CPU.ActiveCfg = Debug|Any CPU
		{AE76369D-9A01-4786-B190-FF68C551379C}.Debug|Any CPU.Build.0 = Debug|Any CPU
		{AE76369D-9A01-4786-B190-FF68C551379C}.Release|Any CPU.ActiveCfg = Release|Any CPU
		{AE76369D-9A01-4786-B190-FF68C551379C}.Release|Any CPU.Build.0 = Release|Any CPU
		{009D933A-E083-41B9-93AB-348D7960DC95}.Debug|Any CPU.ActiveCfg = Debug|Any CPU
		{009D933A-E083-41B9-93AB-348D7960DC95}.Debug|Any CPU.Build.0 = Debug|Any CPU
		{009D933A-E083-41B9-93AB-348D7960DC95}.Release|Any CPU.ActiveCfg = Release|Any CPU
		{009D933A-E083-41B9-93AB-348D7960DC95}.Release|Any CPU.Build.0 = Release|Any CPU
		{B2033BAF-6E15-47D9-9689-5C0FE9B015A9}.Debug|Any CPU.ActiveCfg = Debug|Any CPU
		{B2033BAF-6E15-47D9-9689-5C0FE9B015A9}.Debug|Any CPU.Build.0 = Debug|Any CPU
		{B2033BAF-6E15-47D9-9689-5C0FE9B015A9}.Release|Any CPU.ActiveCfg = Release|Any CPU
		{B2033BAF-6E15-47D9-9689-5C0FE9B015A9}.Release|Any CPU.Build.0 = Release|Any CPU
		{0EE393AE-F65F-4CFF-B7BE-F63896B6066F}.Debug|Any CPU.ActiveCfg = Debug|Any CPU
		{0EE393AE-F65F-4CFF-B7BE-F63896B6066F}.Debug|Any CPU.Build.0 = Debug|Any CPU
		{0EE393AE-F65F-4CFF-B7BE-F63896B6066F}.Release|Any CPU.ActiveCfg = Release|Any CPU
		{0EE393AE-F65F-4CFF-B7BE-F63896B6066F}.Release|Any CPU.Build.0 = Release|Any CPU
	EndGlobalSection
	GlobalSection(SolutionProperties) = preSolution
		HideSolutionNode = FALSE
	EndGlobalSection
	GlobalSection(ExtensibilityGlobals) = postSolution
		SolutionGuid = {0877141D-3E9F-4296-A217-C239E164486D}
	EndGlobalSection
EndGlobal
